
Microsoft Visual Studio Solution File, Format Version 12.00
# Visual Studio Version 17
VisualStudioVersion = 17.3.32901.215
MinimumVisualStudioVersion = 10.0.40219.1
Project("{9A19103F-16F7-4668-BE54-9A1E7A4F7556}") = "Contracts.Contracts", "Contracts\Contracts.Contracts.csproj", "{D9C862FF-B63D-4AF7-AF97-8A774AFB5729}"
EndProject
Project("{9A19103F-16F7-4668-BE54-9A1E7A4F7556}") = "Manifold.Console", "Manifold.Console\Manifold.Console.csproj", "{F4F4460F-7763-4BED-8528-20799FCFE8D1}"
EndProject
Project("{9A19103F-16F7-4668-BE54-9A1E7A4F7556}") = "FuncSignatureGenerator", "FunctionSignatureGenerator\FuncSignatureGenerator.csproj", "{B3DAF00C-A36D-4391-97B2-033651D1633A}"
EndProject
Project("{2150E333-8FDC-42A3-9474-1A3956D46DE8}") = "Solution Folder", "Solution Folder", "{0AA288F4-B4E5-461C-9909-0DE0D079BF5A}"
	ProjectSection(SolutionItems) = preProject
		readme.md = readme.md
		TextFile1.txt = TextFile1.txt
		startbot.sh = startbot.sh
	EndProjectSection
EndProject
Global
	GlobalSection(SolutionConfigurationPlatforms) = preSolution
		Debug|Any CPU = Debug|Any CPU
		Release|Any CPU = Release|Any CPU
	EndGlobalSection
	GlobalSection(ProjectConfigurationPlatforms) = postSolution
		{D9C862FF-B63D-4AF7-AF97-8A774AFB5729}.Debug|Any CPU.ActiveCfg = Debug|Any CPU
		{D9C862FF-B63D-4AF7-AF97-8A774AFB5729}.Debug|Any CPU.Build.0 = Debug|Any CPU
		{D9C862FF-B63D-4AF7-AF97-8A774AFB5729}.Release|Any CPU.ActiveCfg = Release|Any CPU
		{D9C862FF-B63D-4AF7-AF97-8A774AFB5729}.Release|Any CPU.Build.0 = Release|Any CPU
		{F4F4460F-7763-4BED-8528-20799FCFE8D1}.Debug|Any CPU.ActiveCfg = Debug|Any CPU
		{F4F4460F-7763-4BED-8528-20799FCFE8D1}.Debug|Any CPU.Build.0 = Debug|Any CPU
		{F4F4460F-7763-4BED-8528-20799FCFE8D1}.Release|Any CPU.ActiveCfg = Release|Any CPU
		{F4F4460F-7763-4BED-8528-20799FCFE8D1}.Release|Any CPU.Build.0 = Release|Any CPU
		{B3DAF00C-A36D-4391-97B2-033651D1633A}.Debug|Any CPU.ActiveCfg = Debug|Any CPU
		{B3DAF00C-A36D-4391-97B2-033651D1633A}.Debug|Any CPU.Build.0 = Debug|Any CPU
		{B3DAF00C-A36D-4391-97B2-033651D1633A}.Release|Any CPU.ActiveCfg = Release|Any CPU
		{B3DAF00C-A36D-4391-97B2-033651D1633A}.Release|Any CPU.Build.0 = Release|Any CPU
	EndGlobalSection
	GlobalSection(SolutionProperties) = preSolution
		HideSolutionNode = FALSE
	EndGlobalSection
	GlobalSection(ExtensibilityGlobals) = postSolution
		SolutionGuid = {0F9F946B-AD45-4056-9ECA-9D8EB5E7F16A}
	EndGlobalSection
EndGlobal
